
Microsoft Visual Studio Solution File, Format Version 12.00
# Visual Studio Version 17
VisualStudioVersion = 17.14.36202.13 d17.14
MinimumVisualStudioVersion = 10.0.40219.1
Project("{FAE04EC0-301F-11D3-BF4B-00C04F79EFBC}") = "LuisAngel_GabrieMorillo_AP1_P2", "LuisAngel_GabrieMorillo_AP1_P2.csproj", "{B835DE77-D00E-4863-9F39-92C6A389C110}"
EndProject
Global
	GlobalSection(SolutionConfigurationPlatforms) = preSolution
		Debug|Any CPU = Debug|Any CPU
		Release|Any CPU = Release|Any CPU
	EndGlobalSection
	GlobalSection(ProjectConfigurationPlatforms) = postSolution
		{B835DE77-D00E-4863-9F39-92C6A389C110}.Debug|Any CPU.ActiveCfg = Debug|Any CPU
		{B835DE77-D00E-4863-9F39-92C6A389C110}.Debug|Any CPU.Build.0 = Debug|Any CPU
		{B835DE77-D00E-4863-9F39-92C6A389C110}.Release|Any CPU.ActiveCfg = Release|Any CPU
		{B835DE77-D00E-4863-9F39-92C6A389C110}.Release|Any CPU.Build.0 = Release|Any CPU
	EndGlobalSection
	GlobalSection(SolutionProperties) = preSolution
		HideSolutionNode = FALSE
	EndGlobalSection
	GlobalSection(ExtensibilityGlobals) = postSolution
		SolutionGuid = {728B8655-F7B4-4501-A776-71CF379D8E60}
	EndGlobalSection
EndGlobal
